// !$*UTF8*$!
{
	archiveVersion = 1;
	classes = {
	};
	objectVersion = 51;
	objects = {

/* Begin PBXBuildFile section */
		655E981B61C4D2AF4EA8368D /* Pods_flixsterTests.framework in Frameworks */ = {isa = PBXBuildFile; fileRef = AF4CBDEC04307B3A96A18D2F /* Pods_flixsterTests.framework */; };
		C11244CA23F4C41E0083355F /* MovieGridViewController.swift in Sources */ = {isa = PBXBuildFile; fileRef = C11244C923F4C41E0083355F /* MovieGridViewController.swift */; };
		C11244CE23F4CBEC0083355F /* MovieGridCell.swift in Sources */ = {isa = PBXBuildFile; fileRef = C11244CD23F4CBEC0083355F /* MovieGridCell.swift */; };
		C19C87D423EE46F400282B43 /* AppDelegate.swift in Sources */ = {isa = PBXBuildFile; fileRef = C19C87D323EE46F400282B43 /* AppDelegate.swift */; };
		C19C87D623EE46F400282B43 /* SceneDelegate.swift in Sources */ = {isa = PBXBuildFile; fileRef = C19C87D523EE46F400282B43 /* SceneDelegate.swift */; };
		C19C87D823EE46F400282B43 /* ViewController.swift in Sources */ = {isa = PBXBuildFile; fileRef = C19C87D723EE46F400282B43 /* ViewController.swift */; };
		C19C87DB23EE46F400282B43 /* Main.storyboard in Resources */ = {isa = PBXBuildFile; fileRef = C19C87D923EE46F400282B43 /* Main.storyboard */; };
		C19C87DD23EE46F700282B43 /* Assets.xcassets in Resources */ = {isa = PBXBuildFile; fileRef = C19C87DC23EE46F700282B43 /* Assets.xcassets */; };
		C19C87E023EE46F700282B43 /* LaunchScreen.storyboard in Resources */ = {isa = PBXBuildFile; fileRef = C19C87DE23EE46F700282B43 /* LaunchScreen.storyboard */; };
		C19C87EB23EE46F700282B43 /* flixsterTests.swift in Sources */ = {isa = PBXBuildFile; fileRef = C19C87EA23EE46F700282B43 /* flixsterTests.swift */; };
		C19C87F623EE46F700282B43 /* flixsterUITests.swift in Sources */ = {isa = PBXBuildFile; fileRef = C19C87F523EE46F700282B43 /* flixsterUITests.swift */; };
		C19C880423EE47FD00282B43 /* MoviesViewController.swift in Sources */ = {isa = PBXBuildFile; fileRef = C19C880323EE47FD00282B43 /* MoviesViewController.swift */; };
		C19C880623EE4E3000282B43 /* MovieCell.swift in Sources */ = {isa = PBXBuildFile; fileRef = C19C880523EE4E3000282B43 /* MovieCell.swift */; };
		C1F4B5C323F3373D00F13544 /* MovieDetailsViewController.swift in Sources */ = {isa = PBXBuildFile; fileRef = C1F4B5C223F3373D00F13544 /* MovieDetailsViewController.swift */; };
		C3A2A2050FE6E3597234C8BD /* Pods_flixster.framework in Frameworks */ = {isa = PBXBuildFile; fileRef = D6A9DCF4C14A40238C20E35B /* Pods_flixster.framework */; };
		E17F737FDE7EDA223BFD2C28 /* Pods_flixster_flixsterUITests.framework in Frameworks */ = {isa = PBXBuildFile; fileRef = BDE8FD3B23CAA1A01680FCC7 /* Pods_flixster_flixsterUITests.framework */; };
/* End PBXBuildFile section */

/* Begin PBXContainerItemProxy section */
		C19C87E723EE46F700282B43 /* PBXContainerItemProxy */ = {
			isa = PBXContainerItemProxy;
			containerPortal = C19C87C823EE46F400282B43 /* Project object */;
			proxyType = 1;
			remoteGlobalIDString = C19C87CF23EE46F400282B43;
			remoteInfo = flixster;
		};
		C19C87F223EE46F700282B43 /* PBXContainerItemProxy */ = {
			isa = PBXContainerItemProxy;
			containerPortal = C19C87C823EE46F400282B43 /* Project object */;
			proxyType = 1;
			remoteGlobalIDString = C19C87CF23EE46F400282B43;
			remoteInfo = flixster;
		};
/* End PBXContainerItemProxy section */

/* Begin PBXFileReference section */
		3F3DA53D82478610D8D05BCE /* Pods-flixster.debug.xcconfig */ = {isa = PBXFileReference; includeInIndex = 1; lastKnownFileType = text.xcconfig; name = "Pods-flixster.debug.xcconfig"; path = "Target Support Files/Pods-flixster/Pods-flixster.debug.xcconfig"; sourceTree = "<group>"; };
		4ED4468D966BB686BF558511 /* Pods-flixster-flixsterUITests.debug.xcconfig */ = {isa = PBXFileReference; includeInIndex = 1; lastKnownFileType = text.xcconfig; name = "Pods-flixster-flixsterUITests.debug.xcconfig"; path = "Target Support Files/Pods-flixster-flixsterUITests/Pods-flixster-flixsterUITests.debug.xcconfig"; sourceTree = "<group>"; };
		66160785ACFA13E062891DD3 /* Pods-flixster.release.xcconfig */ = {isa = PBXFileReference; includeInIndex = 1; lastKnownFileType = text.xcconfig; name = "Pods-flixster.release.xcconfig"; path = "Target Support Files/Pods-flixster/Pods-flixster.release.xcconfig"; sourceTree = "<group>"; };
		993CA2757257CA530C5A9A1F /* Pods-flixsterTests.debug.xcconfig */ = {isa = PBXFileReference; includeInIndex = 1; lastKnownFileType = text.xcconfig; name = "Pods-flixsterTests.debug.xcconfig"; path = "Target Support Files/Pods-flixsterTests/Pods-flixsterTests.debug.xcconfig"; sourceTree = "<group>"; };
		AF4CBDEC04307B3A96A18D2F /* Pods_flixsterTests.framework */ = {isa = PBXFileReference; explicitFileType = wrapper.framework; includeInIndex = 0; path = Pods_flixsterTests.framework; sourceTree = BUILT_PRODUCTS_DIR; };
		BDE8FD3B23CAA1A01680FCC7 /* Pods_flixster_flixsterUITests.framework */ = {isa = PBXFileReference; explicitFileType = wrapper.framework; includeInIndex = 0; path = Pods_flixster_flixsterUITests.framework; sourceTree = BUILT_PRODUCTS_DIR; };
		C11244C923F4C41E0083355F /* MovieGridViewController.swift */ = {isa = PBXFileReference; lastKnownFileType = sourcecode.swift; path = MovieGridViewController.swift; sourceTree = "<group>"; };
		C11244CD23F4CBEC0083355F /* MovieGridCell.swift */ = {isa = PBXFileReference; lastKnownFileType = sourcecode.swift; name = MovieGridCell.swift; path = "/Users/stevencarey/Documents/XCode /flixster/flixster/MovieGridCell.swift"; sourceTree = "<absolute>"; };
		C19C87D023EE46F400282B43 /* flixster.app */ = {isa = PBXFileReference; explicitFileType = wrapper.application; includeInIndex = 0; path = flixster.app; sourceTree = BUILT_PRODUCTS_DIR; };
		C19C87D323EE46F400282B43 /* AppDelegate.swift */ = {isa = PBXFileReference; lastKnownFileType = sourcecode.swift; path = AppDelegate.swift; sourceTree = "<group>"; };
		C19C87D523EE46F400282B43 /* SceneDelegate.swift */ = {isa = PBXFileReference; lastKnownFileType = sourcecode.swift; path = SceneDelegate.swift; sourceTree = "<group>"; };
		C19C87D723EE46F400282B43 /* ViewController.swift */ = {isa = PBXFileReference; lastKnownFileType = sourcecode.swift; path = ViewController.swift; sourceTree = "<group>"; };
		C19C87DA23EE46F400282B43 /* Base */ = {isa = PBXFileReference; lastKnownFileType = file.storyboard; name = Base; path = Base.lproj/Main.storyboard; sourceTree = "<group>"; };
		C19C87DC23EE46F700282B43 /* Assets.xcassets */ = {isa = PBXFileReference; lastKnownFileType = folder.assetcatalog; path = Assets.xcassets; sourceTree = "<group>"; };
		C19C87DF23EE46F700282B43 /* Base */ = {isa = PBXFileReference; lastKnownFileType = file.storyboard; name = Base; path = Base.lproj/LaunchScreen.storyboard; sourceTree = "<group>"; };
		C19C87E123EE46F700282B43 /* Info.plist */ = {isa = PBXFileReference; lastKnownFileType = text.plist.xml; path = Info.plist; sourceTree = "<group>"; };
		C19C87E623EE46F700282B43 /* flixsterTests.xctest */ = {isa = PBXFileReference; explicitFileType = wrapper.cfbundle; includeInIndex = 0; path = flixsterTests.xctest; sourceTree = BUILT_PRODUCTS_DIR; };
		C19C87EA23EE46F700282B43 /* flixsterTests.swift */ = {isa = PBXFileReference; lastKnownFileType = sourcecode.swift; path = flixsterTests.swift; sourceTree = "<group>"; };
		C19C87EC23EE46F700282B43 /* Info.plist */ = {isa = PBXFileReference; lastKnownFileType = text.plist.xml; path = Info.plist; sourceTree = "<group>"; };
		C19C87F123EE46F700282B43 /* flixsterUITests.xctest */ = {isa = PBXFileReference; explicitFileType = wrapper.cfbundle; includeInIndex = 0; path = flixsterUITests.xctest; sourceTree = BUILT_PRODUCTS_DIR; };
		C19C87F523EE46F700282B43 /* flixsterUITests.swift */ = {isa = PBXFileReference; lastKnownFileType = sourcecode.swift; path = flixsterUITests.swift; sourceTree = "<group>"; };
		C19C87F723EE46F700282B43 /* Info.plist */ = {isa = PBXFileReference; lastKnownFileType = text.plist.xml; path = Info.plist; sourceTree = "<group>"; };
		C19C880323EE47FD00282B43 /* MoviesViewController.swift */ = {isa = PBXFileReference; lastKnownFileType = sourcecode.swift; path = MoviesViewController.swift; sourceTree = "<group>"; };
		C19C880523EE4E3000282B43 /* MovieCell.swift */ = {isa = PBXFileReference; lastKnownFileType = sourcecode.swift; path = MovieCell.swift; sourceTree = "<group>"; };
		C1F4B5C223F3373D00F13544 /* MovieDetailsViewController.swift */ = {isa = PBXFileReference; lastKnownFileType = sourcecode.swift; path = MovieDetailsViewController.swift; sourceTree = "<group>"; };
		C48CEC4128023FE9BAABEEF6 /* Pods-flixster-flixsterUITests.release.xcconfig */ = {isa = PBXFileReference; includeInIndex = 1; lastKnownFileType = text.xcconfig; name = "Pods-flixster-flixsterUITests.release.xcconfig"; path = "Target Support Files/Pods-flixster-flixsterUITests/Pods-flixster-flixsterUITests.release.xcconfig"; sourceTree = "<group>"; };
		D41573B475056B11048B386E /* Pods-flixsterTests.release.xcconfig */ = {isa = PBXFileReference; includeInIndex = 1; lastKnownFileType = text.xcconfig; name = "Pods-flixsterTests.release.xcconfig"; path = "Target Support Files/Pods-flixsterTests/Pods-flixsterTests.release.xcconfig"; sourceTree = "<group>"; };
		D6A9DCF4C14A40238C20E35B /* Pods_flixster.framework */ = {isa = PBXFileReference; explicitFileType = wrapper.framework; includeInIndex = 0; path = Pods_flixster.framework; sourceTree = BUILT_PRODUCTS_DIR; };
/* End PBXFileReference section */

/* Begin PBXFrameworksBuildPhase section */
		C19C87CD23EE46F400282B43 /* Frameworks */ = {
			isa = PBXFrameworksBuildPhase;
			buildActionMask = 2147483647;
			files = (
				C3A2A2050FE6E3597234C8BD /* Pods_flixster.framework in Frameworks */,
			);
			runOnlyForDeploymentPostprocessing = 0;
		};
		C19C87E323EE46F700282B43 /* Frameworks */ = {
			isa = PBXFrameworksBuildPhase;
			buildActionMask = 2147483647;
			files = (
				655E981B61C4D2AF4EA8368D /* Pods_flixsterTests.framework in Frameworks */,
			);
			runOnlyForDeploymentPostprocessing = 0;
		};
		C19C87EE23EE46F700282B43 /* Frameworks */ = {
			isa = PBXFrameworksBuildPhase;
			buildActionMask = 2147483647;
			files = (
				E17F737FDE7EDA223BFD2C28 /* Pods_flixster_flixsterUITests.framework in Frameworks */,
			);
			runOnlyForDeploymentPostprocessing = 0;
		};
/* End PBXFrameworksBuildPhase section */

/* Begin PBXGroup section */
		1261AA3372914EF4B97D3FF1 /* Frameworks */ = {
			isa = PBXGroup;
			children = (
				D6A9DCF4C14A40238C20E35B /* Pods_flixster.framework */,
				BDE8FD3B23CAA1A01680FCC7 /* Pods_flixster_flixsterUITests.framework */,
				AF4CBDEC04307B3A96A18D2F /* Pods_flixsterTests.framework */,
			);
			name = Frameworks;
			sourceTree = "<group>";
		};
		8D758E3DE3C6D6B5CF953213 /* Pods */ = {
			isa = PBXGroup;
			children = (
				3F3DA53D82478610D8D05BCE /* Pods-flixster.debug.xcconfig */,
				66160785ACFA13E062891DD3 /* Pods-flixster.release.xcconfig */,
				4ED4468D966BB686BF558511 /* Pods-flixster-flixsterUITests.debug.xcconfig */,
				C48CEC4128023FE9BAABEEF6 /* Pods-flixster-flixsterUITests.release.xcconfig */,
				993CA2757257CA530C5A9A1F /* Pods-flixsterTests.debug.xcconfig */,
				D41573B475056B11048B386E /* Pods-flixsterTests.release.xcconfig */,
			);
			path = Pods;
			sourceTree = "<group>";
		};
		C19C87C723EE46F400282B43 = {
			isa = PBXGroup;
			children = (
				C19C87D223EE46F400282B43 /* flixster */,
				C19C87E923EE46F700282B43 /* flixsterTests */,
				C19C87F423EE46F700282B43 /* flixsterUITests */,
				C19C87D123EE46F400282B43 /* Products */,
				8D758E3DE3C6D6B5CF953213 /* Pods */,
				1261AA3372914EF4B97D3FF1 /* Frameworks */,
			);
			sourceTree = "<group>";
		};
		C19C87D123EE46F400282B43 /* Products */ = {
			isa = PBXGroup;
			children = (
				C19C87D023EE46F400282B43 /* flixster.app */,
				C19C87E623EE46F700282B43 /* flixsterTests.xctest */,
				C19C87F123EE46F700282B43 /* flixsterUITests.xctest */,
			);
			name = Products;
			sourceTree = "<group>";
		};
		C19C87D223EE46F400282B43 /* flixster */ = {
			isa = PBXGroup;
			children = (
				C19C87D323EE46F400282B43 /* AppDelegate.swift */,
				C19C87D523EE46F400282B43 /* SceneDelegate.swift */,
				C11244CD23F4CBEC0083355F /* MovieGridCell.swift */,
				C19C87D723EE46F400282B43 /* ViewController.swift */,
				C19C87D923EE46F400282B43 /* Main.storyboard */,
				C19C880523EE4E3000282B43 /* MovieCell.swift */,
				C19C880323EE47FD00282B43 /* MoviesViewController.swift */,
				C19C87DC23EE46F700282B43 /* Assets.xcassets */,
				C19C87DE23EE46F700282B43 /* LaunchScreen.storyboard */,
				C19C87E123EE46F700282B43 /* Info.plist */,
				C1F4B5C223F3373D00F13544 /* MovieDetailsViewController.swift */,
				C11244C923F4C41E0083355F /* MovieGridViewController.swift */,
			);
			path = flixster;
			sourceTree = "<group>";
		};
		C19C87E923EE46F700282B43 /* flixsterTests */ = {
			isa = PBXGroup;
			children = (
				C19C87EA23EE46F700282B43 /* flixsterTests.swift */,
				C19C87EC23EE46F700282B43 /* Info.plist */,
			);
			path = flixsterTests;
			sourceTree = "<group>";
		};
		C19C87F423EE46F700282B43 /* flixsterUITests */ = {
			isa = PBXGroup;
			children = (
				C19C87F523EE46F700282B43 /* flixsterUITests.swift */,
				C19C87F723EE46F700282B43 /* Info.plist */,
			);
			path = flixsterUITests;
			sourceTree = "<group>";
		};
/* End PBXGroup section */

/* Begin PBXNativeTarget section */
		C19C87CF23EE46F400282B43 /* flixster */ = {
			isa = PBXNativeTarget;
			buildConfigurationList = C19C87FA23EE46F700282B43 /* Build configuration list for PBXNativeTarget "flixster" */;
			buildPhases = (
				695E92304C59A25E9E1FE2D8 /* [CP] Check Pods Manifest.lock */,
				C19C87CC23EE46F400282B43 /* Sources */,
				C19C87CD23EE46F400282B43 /* Frameworks */,
				C19C87CE23EE46F400282B43 /* Resources */,
				2679443128742E8B323C45D8 /* [CP] Embed Pods Frameworks */,
			);
			buildRules = (
			);
			dependencies = (
			);
			name = flixster;
			productName = flixster;
			productReference = C19C87D023EE46F400282B43 /* flixster.app */;
			productType = "com.apple.product-type.application";
		};
		C19C87E523EE46F700282B43 /* flixsterTests */ = {
			isa = PBXNativeTarget;
			buildConfigurationList = C19C87FD23EE46F700282B43 /* Build configuration list for PBXNativeTarget "flixsterTests" */;
			buildPhases = (
				1E830050724849F35AA06A13 /* [CP] Check Pods Manifest.lock */,
				C19C87E223EE46F700282B43 /* Sources */,
				C19C87E323EE46F700282B43 /* Frameworks */,
				C19C87E423EE46F700282B43 /* Resources */,
			);
			buildRules = (
			);
			dependencies = (
				C19C87E823EE46F700282B43 /* PBXTargetDependency */,
			);
			name = flixsterTests;
			productName = flixsterTests;
			productReference = C19C87E623EE46F700282B43 /* flixsterTests.xctest */;
			productType = "com.apple.product-type.bundle.unit-test";
		};
		C19C87F023EE46F700282B43 /* flixsterUITests */ = {
			isa = PBXNativeTarget;
			buildConfigurationList = C19C880023EE46F700282B43 /* Build configuration list for PBXNativeTarget "flixsterUITests" */;
			buildPhases = (
				EB3ED2C87B322C9A02490792 /* [CP] Check Pods Manifest.lock */,
				C19C87ED23EE46F700282B43 /* Sources */,
				C19C87EE23EE46F700282B43 /* Frameworks */,
				C19C87EF23EE46F700282B43 /* Resources */,
				F305F1C001587FAF95CC2CDC /* [CP] Embed Pods Frameworks */,
			);
			buildRules = (
			);
			dependencies = (
				C19C87F323EE46F700282B43 /* PBXTargetDependency */,
			);
			name = flixsterUITests;
			productName = flixsterUITests;
			productReference = C19C87F123EE46F700282B43 /* flixsterUITests.xctest */;
			productType = "com.apple.product-type.bundle.ui-testing";
		};
/* End PBXNativeTarget section */

/* Begin PBXProject section */
		C19C87C823EE46F400282B43 /* Project object */ = {
			isa = PBXProject;
			attributes = {
				LastSwiftUpdateCheck = 1130;
				LastUpgradeCheck = 1130;
				ORGANIZATIONNAME = "Steven Carey";
				TargetAttributes = {
					C19C87CF23EE46F400282B43 = {
						CreatedOnToolsVersion = 11.3;
					};
					C19C87E523EE46F700282B43 = {
						CreatedOnToolsVersion = 11.3;
						TestTargetID = C19C87CF23EE46F400282B43;
					};
					C19C87F023EE46F700282B43 = {
						CreatedOnToolsVersion = 11.3;
						TestTargetID = C19C87CF23EE46F400282B43;
					};
				};
			};
			buildConfigurationList = C19C87CB23EE46F400282B43 /* Build configuration list for PBXProject "flixster" */;
			compatibilityVersion = "Xcode 9.3";
			developmentRegion = en;
			hasScannedForEncodings = 0;
			knownRegions = (
				en,
				Base,
			);
			mainGroup = C19C87C723EE46F400282B43;
			productRefGroup = C19C87D123EE46F400282B43 /* Products */;
			projectDirPath = "";
			projectRoot = "";
			targets = (
				C19C87CF23EE46F400282B43 /* flixster */,
				C19C87E523EE46F700282B43 /* flixsterTests */,
				C19C87F023EE46F700282B43 /* flixsterUITests */,
			);
		};
/* End PBXProject section */

/* Begin PBXResourcesBuildPhase section */
		C19C87CE23EE46F400282B43 /* Resources */ = {
			isa = PBXResourcesBuildPhase;
			buildActionMask = 2147483647;
			files = (
				C19C87E023EE46F700282B43 /* LaunchScreen.storyboard in Resources */,
				C19C87DD23EE46F700282B43 /* Assets.xcassets in Resources */,
				C19C87DB23EE46F400282B43 /* Main.storyboard in Resources */,
			);
			runOnlyForDeploymentPostprocessing = 0;
		};
		C19C87E423EE46F700282B43 /* Resources */ = {
			isa = PBXResourcesBuildPhase;
			buildActionMask = 2147483647;
			files = (
			);
			runOnlyForDeploymentPostprocessing = 0;
		};
		C19C87EF23EE46F700282B43 /* Resources */ = {
			isa = PBXResourcesBuildPhase;
			buildActionMask = 2147483647;
			files = (
			);
			runOnlyForDeploymentPostprocessing = 0;
		};
/* End PBXResourcesBuildPhase section */

/* Begin PBXShellScriptBuildPhase section */
		1E830050724849F35AA06A13 /* [CP] Check Pods Manifest.lock */ = {
			isa = PBXShellScriptBuildPhase;
			buildActionMask = 2147483647;
			files = (
			);
			inputFileListPaths = (
			);
			inputPaths = (
				"${PODS_PODFILE_DIR_PATH}/Podfile.lock",
				"${PODS_ROOT}/Manifest.lock",
			);
			name = "[CP] Check Pods Manifest.lock";
			outputFileListPaths = (
			);
			outputPaths = (
				"$(DERIVED_FILE_DIR)/Pods-flixsterTests-checkManifestLockResult.txt",
			);
			runOnlyForDeploymentPostprocessing = 0;
			shellPath = /bin/sh;
			shellScript = "diff \"${PODS_PODFILE_DIR_PATH}/Podfile.lock\" \"${PODS_ROOT}/Manifest.lock\" > /dev/null\nif [ $? != 0 ] ; then\n    # print error to STDERR\n    echo \"error: The sandbox is not in sync with the Podfile.lock. Run 'pod install' or update your CocoaPods installation.\" >&2\n    exit 1\nfi\n# This output is used by Xcode 'outputs' to avoid re-running this script phase.\necho \"SUCCESS\" > \"${SCRIPT_OUTPUT_FILE_0}\"\n";
			showEnvVarsInLog = 0;
		};
		2679443128742E8B323C45D8 /* [CP] Embed Pods Frameworks */ = {
			isa = PBXShellScriptBuildPhase;
			buildActionMask = 2147483647;
			files = (
			);
			inputFileListPaths = (
				"${PODS_ROOT}/Target Support Files/Pods-flixster/Pods-flixster-frameworks-${CONFIGURATION}-input-files.xcfilelist",
			);
			name = "[CP] Embed Pods Frameworks";
			outputFileListPaths = (
				"${PODS_ROOT}/Target Support Files/Pods-flixster/Pods-flixster-frameworks-${CONFIGURATION}-output-files.xcfilelist",
			);
			runOnlyForDeploymentPostprocessing = 0;
			shellPath = /bin/sh;
			shellScript = "\"${PODS_ROOT}/Target Support Files/Pods-flixster/Pods-flixster-frameworks.sh\"\n";
			showEnvVarsInLog = 0;
		};
		695E92304C59A25E9E1FE2D8 /* [CP] Check Pods Manifest.lock */ = {
			isa = PBXShellScriptBuildPhase;
			buildActionMask = 2147483647;
			files = (
			);
			inputFileListPaths = (
			);
			inputPaths = (
				"${PODS_PODFILE_DIR_PATH}/Podfile.lock",
				"${PODS_ROOT}/Manifest.lock",
			);
			name = "[CP] Check Pods Manifest.lock";
			outputFileListPaths = (
			);
			outputPaths = (
				"$(DERIVED_FILE_DIR)/Pods-flixster-checkManifestLockResult.txt",
			);
			runOnlyForDeploymentPostprocessing = 0;
			shellPath = /bin/sh;
			shellScript = "diff \"${PODS_PODFILE_DIR_PATH}/Podfile.lock\" \"${PODS_ROOT}/Manifest.lock\" > /dev/null\nif [ $? != 0 ] ; then\n    # print error to STDERR\n    echo \"error: The sandbox is not in sync with the Podfile.lock. Run 'pod install' or update your CocoaPods installation.\" >&2\n    exit 1\nfi\n# This output is used by Xcode 'outputs' to avoid re-running this script phase.\necho \"SUCCESS\" > \"${SCRIPT_OUTPUT_FILE_0}\"\n";
			showEnvVarsInLog = 0;
		};
		EB3ED2C87B322C9A02490792 /* [CP] Check Pods Manifest.lock */ = {
			isa = PBXShellScriptBuildPhase;
			buildActionMask = 2147483647;
			files = (
			);
			inputFileListPaths = (
			);
			inputPaths = (
				"${PODS_PODFILE_DIR_PATH}/Podfile.lock",
				"${PODS_ROOT}/Manifest.lock",
			);
			name = "[CP] Check Pods Manifest.lock";
			outputFileListPaths = (
			);
			outputPaths = (
				"$(DERIVED_FILE_DIR)/Pods-flixster-flixsterUITests-checkManifestLockResult.txt",
			);
			runOnlyForDeploymentPostprocessing = 0;
			shellPath = /bin/sh;
			shellScript = "diff \"${PODS_PODFILE_DIR_PATH}/Podfile.lock\" \"${PODS_ROOT}/Manifest.lock\" > /dev/null\nif [ $? != 0 ] ; then\n    # print error to STDERR\n    echo \"error: The sandbox is not in sync with the Podfile.lock. Run 'pod install' or update your CocoaPods installation.\" >&2\n    exit 1\nfi\n# This output is used by Xcode 'outputs' to avoid re-running this script phase.\necho \"SUCCESS\" > \"${SCRIPT_OUTPUT_FILE_0}\"\n";
			showEnvVarsInLog = 0;
		};
		F305F1C001587FAF95CC2CDC /* [CP] Embed Pods Frameworks */ = {
			isa = PBXShellScriptBuildPhase;
			buildActionMask = 2147483647;
			files = (
			);
			inputFileListPaths = (
				"${PODS_ROOT}/Target Support Files/Pods-flixster-flixsterUITests/Pods-flixster-flixsterUITests-frameworks-${CONFIGURATION}-input-files.xcfilelist",
			);
			name = "[CP] Embed Pods Frameworks";
			outputFileListPaths = (
				"${PODS_ROOT}/Target Support Files/Pods-flixster-flixsterUITests/Pods-flixster-flixsterUITests-frameworks-${CONFIGURATION}-output-files.xcfilelist",
			);
			runOnlyForDeploymentPostprocessing = 0;
			shellPath = /bin/sh;
			shellScript = "\"${PODS_ROOT}/Target Support Files/Pods-flixster-flixsterUITests/Pods-flixster-flixsterUITests-frameworks.sh\"\n";
			showEnvVarsInLog = 0;
		};
/* End PBXShellScriptBuildPhase section */

/* Begin PBXSourcesBuildPhase section */
		C19C87CC23EE46F400282B43 /* Sources */ = {
			isa = PBXSourcesBuildPhase;
			buildActionMask = 2147483647;
			files = (
				C19C87D823EE46F400282B43 /* ViewController.swift in Sources */,
				C19C87D423EE46F400282B43 /* AppDelegate.swift in Sources */,
				C1F4B5C323F3373D00F13544 /* MovieDetailsViewController.swift in Sources */,
				C11244CA23F4C41E0083355F /* MovieGridViewController.swift in Sources */,
				C11244CE23F4CBEC0083355F /* MovieGridCell.swift in Sources */,
				C19C87D623EE46F400282B43 /* SceneDelegate.swift in Sources */,
				C19C880623EE4E3000282B43 /* MovieCell.swift in Sources */,
				C19C880423EE47FD00282B43 /* MoviesViewController.swift in Sources */,
			);
			runOnlyForDeploymentPostprocessing = 0;
		};
		C19C87E223EE46F700282B43 /* Sources */ = {
			isa = PBXSourcesBuildPhase;
			buildActionMask = 2147483647;
			files = (
				C19C87EB23EE46F700282B43 /* flixsterTests.swift in Sources */,
			);
			runOnlyForDeploymentPostprocessing = 0;
		};
		C19C87ED23EE46F700282B43 /* Sources */ = {
			isa = PBXSourcesBuildPhase;
			buildActionMask = 2147483647;
			files = (
				C19C87F623EE46F700282B43 /* flixsterUITests.swift in Sources */,
			);
			runOnlyForDeploymentPostprocessing = 0;
		};
/* End PBXSourcesBuildPhase section */

/* Begin PBXTargetDependency section */
		C19C87E823EE46F700282B43 /* PBXTargetDependency */ = {
			isa = PBXTargetDependency;
			target = C19C87CF23EE46F400282B43 /* flixster */;
			targetProxy = C19C87E723EE46F700282B43 /* PBXContainerItemProxy */;
		};
		C19C87F323EE46F700282B43 /* PBXTargetDependency */ = {
			isa = PBXTargetDependency;
			target = C19C87CF23EE46F400282B43 /* flixster */;
			targetProxy = C19C87F223EE46F700282B43 /* PBXContainerItemProxy */;
		};
/* End PBXTargetDependency section */

/* Begin PBXVariantGroup section */
		C19C87D923EE46F400282B43 /* Main.storyboard */ = {
			isa = PBXVariantGroup;
			children = (
				C19C87DA23EE46F400282B43 /* Base */,
			);
			name = Main.storyboard;
			sourceTree = "<group>";
		};
		C19C87DE23EE46F700282B43 /* LaunchScreen.storyboard */ = {
			isa = PBXVariantGroup;
			children = (
				C19C87DF23EE46F700282B43 /* Base */,
			);
			name = LaunchScreen.storyboard;
			sourceTree = "<group>";
		};
/* End PBXVariantGroup section */

/* Begin XCBuildConfiguration section */
		C19C87F823EE46F700282B43 /* Debug */ = {
			isa = XCBuildConfiguration;
			buildSettings = {
				ALWAYS_SEARCH_USER_PATHS = NO;
				CLANG_ANALYZER_NONNULL = YES;
				CLANG_ANALYZER_NUMBER_OBJECT_CONVERSION = YES_AGGRESSIVE;
				CLANG_CXX_LANGUAGE_STANDARD = "gnu++14";
				CLANG_CXX_LIBRARY = "libc++";
				CLANG_ENABLE_MODULES = YES;
				CLANG_ENABLE_OBJC_ARC = YES;
				CLANG_ENABLE_OBJC_WEAK = YES;
				CLANG_WARN_BLOCK_CAPTURE_AUTORELEASING = YES;
				CLANG_WARN_BOOL_CONVERSION = YES;
				CLANG_WARN_COMMA = YES;
				CLANG_WARN_CONSTANT_CONVERSION = YES;
				CLANG_WARN_DEPRECATED_OBJC_IMPLEMENTATIONS = YES;
				CLANG_WARN_DIRECT_OBJC_ISA_USAGE = YES_ERROR;
				CLANG_WARN_DOCUMENTATION_COMMENTS = YES;
				CLANG_WARN_EMPTY_BODY = YES;
				CLANG_WARN_ENUM_CONVERSION = YES;
				CLANG_WARN_INFINITE_RECURSION = YES;
				CLANG_WARN_INT_CONVERSION = YES;
				CLANG_WARN_NON_LITERAL_NULL_CONVERSION = YES;
				CLANG_WARN_OBJC_IMPLICIT_RETAIN_SELF = YES;
				CLANG_WARN_OBJC_LITERAL_CONVERSION = YES;
				CLANG_WARN_OBJC_ROOT_CLASS = YES_ERROR;
				CLANG_WARN_RANGE_LOOP_ANALYSIS = YES;
				CLANG_WARN_STRICT_PROTOTYPES = YES;
				CLANG_WARN_SUSPICIOUS_MOVE = YES;
				CLANG_WARN_UNGUARDED_AVAILABILITY = YES_AGGRESSIVE;
				CLANG_WARN_UNREACHABLE_CODE = YES;
				CLANG_WARN__DUPLICATE_METHOD_MATCH = YES;
				COPY_PHASE_STRIP = NO;
				DEBUG_INFORMATION_FORMAT = dwarf;
				ENABLE_STRICT_OBJC_MSGSEND = YES;
				ENABLE_TESTABILITY = YES;
				GCC_C_LANGUAGE_STANDARD = gnu11;
				GCC_DYNAMIC_NO_PIC = NO;
				GCC_NO_COMMON_BLOCKS = YES;
				GCC_OPTIMIZATION_LEVEL = 0;
				GCC_PREPROCESSOR_DEFINITIONS = (
					"DEBUG=1",
					"$(inherited)",
				);
				GCC_WARN_64_TO_32_BIT_CONVERSION = YES;
				GCC_WARN_ABOUT_RETURN_TYPE = YES_ERROR;
				GCC_WARN_UNDECLARED_SELECTOR = YES;
				GCC_WARN_UNINITIALIZED_AUTOS = YES_AGGRESSIVE;
				GCC_WARN_UNUSED_FUNCTION = YES;
				GCC_WARN_UNUSED_VARIABLE = YES;
				IPHONEOS_DEPLOYMENT_TARGET = 13.2;
				MTL_ENABLE_DEBUG_INFO = INCLUDE_SOURCE;
				MTL_FAST_MATH = YES;
				ONLY_ACTIVE_ARCH = YES;
				SDKROOT = iphoneos;
				SWIFT_ACTIVE_COMPILATION_CONDITIONS = DEBUG;
				SWIFT_OPTIMIZATION_LEVEL = "-Onone";
			};
			name = Debug;
		};
		C19C87F923EE46F700282B43 /* Release */ = {
			isa = XCBuildConfiguration;
			buildSettings = {
				ALWAYS_SEARCH_USER_PATHS = NO;
				CLANG_ANALYZER_NONNULL = YES;
				CLANG_ANALYZER_NUMBER_OBJECT_CONVERSION = YES_AGGRESSIVE;
				CLANG_CXX_LANGUAGE_STANDARD = "gnu++14";
				CLANG_CXX_LIBRARY = "libc++";
				CLANG_ENABLE_MODULES = YES;
				CLANG_ENABLE_OBJC_ARC = YES;
				CLANG_ENABLE_OBJC_WEAK = YES;
				CLANG_WARN_BLOCK_CAPTURE_AUTORELEASING = YES;
				CLANG_WARN_BOOL_CONVERSION = YES;
				CLANG_WARN_COMMA = YES;
				CLANG_WARN_CONSTANT_CONVERSION = YES;
				CLANG_WARN_DEPRECATED_OBJC_IMPLEMENTATIONS = YES;
				CLANG_WARN_DIRECT_OBJC_ISA_USAGE = YES_ERROR;
				CLANG_WARN_DOCUMENTATION_COMMENTS = YES;
				CLANG_WARN_EMPTY_BODY = YES;
				CLANG_WARN_ENUM_CONVERSION = YES;
				CLANG_WARN_INFINITE_RECURSION = YES;
				CLANG_WARN_INT_CONVERSION = YES;
				CLANG_WARN_NON_LITERAL_NULL_CONVERSION = YES;
				CLANG_WARN_OBJC_IMPLICIT_RETAIN_SELF = YES;
				CLANG_WARN_OBJC_LITERAL_CONVERSION = YES;
				CLANG_WARN_OBJC_ROOT_CLASS = YES_ERROR;
				CLANG_WARN_RANGE_LOOP_ANALYSIS = YES;
				CLANG_WARN_STRICT_PROTOTYPES = YES;
				CLANG_WARN_SUSPICIOUS_MOVE = YES;
				CLANG_WARN_UNGUARDED_AVAILABILITY = YES_AGGRESSIVE;
				CLANG_WARN_UNREACHABLE_CODE = YES;
				CLANG_WARN__DUPLICATE_METHOD_MATCH = YES;
				COPY_PHASE_STRIP = NO;
				DEBUG_INFORMATION_FORMAT = "dwarf-with-dsym";
				ENABLE_NS_ASSERTIONS = NO;
				ENABLE_STRICT_OBJC_MSGSEND = YES;
				GCC_C_LANGUAGE_STANDARD = gnu11;
				GCC_NO_COMMON_BLOCKS = YES;
				GCC_WARN_64_TO_32_BIT_CONVERSION = YES;
				GCC_WARN_ABOUT_RETURN_TYPE = YES_ERROR;
				GCC_WARN_UNDECLARED_SELECTOR = YES;
				GCC_WARN_UNINITIALIZED_AUTOS = YES_AGGRESSIVE;
				GCC_WARN_UNUSED_FUNCTION = YES;
				GCC_WARN_UNUSED_VARIABLE = YES;
				IPHONEOS_DEPLOYMENT_TARGET = 13.2;
				MTL_ENABLE_DEBUG_INFO = NO;
				MTL_FAST_MATH = YES;
				SDKROOT = iphoneos;
				SWIFT_COMPILATION_MODE = wholemodule;
				SWIFT_OPTIMIZATION_LEVEL = "-O";
				VALIDATE_PRODUCT = YES;
			};
			name = Release;
		};
		C19C87FB23EE46F700282B43 /* Debug */ = {
			isa = XCBuildConfiguration;
			baseConfigurationReference = 3F3DA53D82478610D8D05BCE /* Pods-flixster.debug.xcconfig */;
			buildSettings = {
				ASSETCATALOG_COMPILER_APPICON_NAME = AppIcon;
				CODE_SIGN_STYLE = Automatic;
				INFOPLIST_FILE = flixster/Info.plist;
				LD_RUNPATH_SEARCH_PATHS = (
					"$(inherited)",
					"@executable_path/Frameworks",
				);
				PRODUCT_BUNDLE_IDENTIFIER = "Steven-Grant-Carey.flixster";
				PRODUCT_NAME = "$(TARGET_NAME)";
				SWIFT_VERSION = 5.0;
				TARGETED_DEVICE_FAMILY = "1,2";
			};
			name = Debug;
		};
		C19C87FC23EE46F700282B43 /* Release */ = {
			isa = XCBuildConfiguration;
			baseConfigurationReference = 66160785ACFA13E062891DD3 /* Pods-flixster.release.xcconfig */;
			buildSettings = {
				ASSETCATALOG_COMPILER_APPICON_NAME = AppIcon;
				CODE_SIGN_STYLE = Automatic;
				INFOPLIST_FILE = flixster/Info.plist;
				LD_RUNPATH_SEARCH_PATHS = (
					"$(inherited)",
					"@executable_path/Frameworks",
				);
				PRODUCT_BUNDLE_IDENTIFIER = "Steven-Grant-Carey.flixster";
				PRODUCT_NAME = "$(TARGET_NAME)";
				SWIFT_VERSION = 5.0;
				TARGETED_DEVICE_FAMILY = "1,2";
			};
			name = Release;
		};
		C19C87FE23EE46F700282B43 /* Debug */ = {
			isa = XCBuildConfiguration;
			baseConfigurationReference = 993CA2757257CA530C5A9A1F /* Pods-flixsterTests.debug.xcconfig */;
			buildSettings = {
				ALWAYS_EMBED_SWIFT_STANDARD_LIBRARIES = YES;
				BUNDLE_LOADER = "$(TEST_HOST)";
				CODE_SIGN_STYLE = Automatic;
				INFOPLIST_FILE = flixsterTests/Info.plist;
				IPHONEOS_DEPLOYMENT_TARGET = 13.2;
				LD_RUNPATH_SEARCH_PATHS = (
					"$(inherited)",
					"@executable_path/Frameworks",
					"@loader_path/Frameworks",
				);
				PRODUCT_BUNDLE_IDENTIFIER = "Steven-Grant-Carey.flixsterTests";
				PRODUCT_NAME = "$(TARGET_NAME)";
				SWIFT_VERSION = 5.0;
				TARGETED_DEVICE_FAMILY = "1,2";
				TEST_HOST = "$(BUILT_PRODUCTS_DIR)/flixster.app/flixster";
			};
			name = Debug;
		};
		C19C87FF23EE46F700282B43 /* Release */ = {
			isa = XCBuildConfiguration;
			baseConfigurationReference = D41573B475056B11048B386E /* Pods-flixsterTests.release.xcconfig */;
			buildSettings = {
				ALWAYS_EMBED_SWIFT_STANDARD_LIBRARIES = YES;
				BUNDLE_LOADER = "$(TEST_HOST)";
				CODE_SIGN_STYLE = Automatic;
				INFOPLIST_FILE = flixsterTests/Info.plist;
				IPHONEOS_DEPLOYMENT_TARGET = 13.2;
				LD_RUNPATH_SEARCH_PATHS = (
					"$(inherited)",
					"@executable_path/Frameworks",
					"@loader_path/Frameworks",
				);
				PRODUCT_BUNDLE_IDENTIFIER = "Steven-Grant-Carey.flixsterTests";
				PRODUCT_NAME = "$(TARGET_NAME)";
				SWIFT_VERSION = 5.0;
				TARGETED_DEVICE_FAMILY = "1,2";
				TEST_HOST = "$(BUILT_PRODUCTS_DIR)/flixster.app/flixster";
			};
			name = Release;
		};
		C19C880123EE46F700282B43 /* Debug */ = {
			isa = XCBuildConfiguration;
			baseConfigurationReference = 4ED4468D966BB686BF558511 /* Pods-flixster-flixsterUITests.debug.xcconfig */;
			buildSettings = {
				ALWAYS_EMBED_SWIFT_STANDARD_LIBRARIES = YES;
				CODE_SIGN_STYLE = Automatic;
				INFOPLIST_FILE = flixsterUITests/Info.plist;
				LD_RUNPATH_SEARCH_PATHS = (
					"$(inherited)",
					"@executable_path/Frameworks",
					"@loader_path/Frameworks",
				);
				PRODUCT_BUNDLE_IDENTIFIER = "Steven-Grant-Carey.flixsterUITests";
				PRODUCT_NAME = "$(TARGET_NAME)";
				SWIFT_VERSION = 5.0;
				TARGETED_DEVICE_FAMILY = "1,2";
				TEST_TARGET_NAME = flixster;
			};
			name = Debug;
		};
		C19C880223EE46F700282B43 /* Release */ = {
			isa = XCBuildConfiguration;
			baseConfigurationReference = C48CEC4128023FE9BAABEEF6 /* Pods-flixster-flixsterUITests.release.xcconfig */;
			buildSettings = {
				ALWAYS_EMBED_SWIFT_STANDARD_LIBRARIES = YES;
				CODE_SIGN_STYLE = Automatic;
				INFOPLIST_FILE = flixsterUITests/Info.plist;
				LD_RUNPATH_SEARCH_PATHS = (
					"$(inherited)",
					"@executable_path/Frameworks",
					"@loader_path/Frameworks",
				);
				PRODUCT_BUNDLE_IDENTIFIER = "Steven-Grant-Carey.flixsterUITests";
				PRODUCT_NAME = "$(TARGET_NAME)";
				SWIFT_VERSION = 5.0;
				TARGETED_DEVICE_FAMILY = "1,2";
				TEST_TARGET_NAME = flixster;
			};
			name = Release;
		};
/* End XCBuildConfiguration section */

/* Begin XCConfigurationList section */
		C19C87CB23EE46F400282B43 /* Build configuration list for PBXProject "flixster" */ = {
			isa = XCConfigurationList;
			buildConfigurations = (
				C19C87F823EE46F700282B43 /* Debug */,
				C19C87F923EE46F700282B43 /* Release */,
			);
			defaultConfigurationIsVisible = 0;
			defaultConfigurationName = Release;
		};
		C19C87FA23EE46F700282B43 /* Build configuration list for PBXNativeTarget "flixster" */ = {
			isa = XCConfigurationList;
			buildConfigurations = (
				C19C87FB23EE46F700282B43 /* Debug */,
				C19C87FC23EE46F700282B43 /* Release */,
			);
			defaultConfigurationIsVisible = 0;
			defaultConfigurationName = Release;
		};
		C19C87FD23EE46F700282B43 /* Build configuration list for PBXNativeTarget "flixsterTests" */ = {
			isa = XCConfigurationList;
			buildConfigurations = (
				C19C87FE23EE46F700282B43 /* Debug */,
				C19C87FF23EE46F700282B43 /* Release */,
			);
			defaultConfigurationIsVisible = 0;
			defaultConfigurationName = Release;
		};
		C19C880023EE46F700282B43 /* Build configuration list for PBXNativeTarget "flixsterUITests" */ = {
			isa = XCConfigurationList;
			buildConfigurations = (
				C19C880123EE46F700282B43 /* Debug */,
				C19C880223EE46F700282B43 /* Release */,
			);
			defaultConfigurationIsVisible = 0;
			defaultConfigurationName = Release;
		};
/* End XCConfigurationList section */
	};
	rootObject = C19C87C823EE46F400282B43 /* Project object */;
}
